
Microsoft Visual Studio Solution File, Format Version 12.00
# Visual Studio Version 17
VisualStudioVersion = 17.8.34322.80
MinimumVisualStudioVersion = 10.0.40219.1
Project("{FAE04EC0-301F-11D3-BF4B-00C04F79EFBC}") = "Day2", "Day2\Day2.csproj", "{57557D9F-1731-43E1-BC3B-B8E90D892EBA}"
EndProject
Global
	GlobalSection(SolutionConfigurationPlatforms) = preSolution
		Debug|Any CPU = Debug|Any CPU
		Release|Any CPU = Release|Any CPU
	EndGlobalSection
	GlobalSection(ProjectConfigurationPlatforms) = postSolution
		{57557D9F-1731-43E1-BC3B-B8E90D892EBA}.Debug|Any CPU.ActiveCfg = Debug|Any CPU
		{57557D9F-1731-43E1-BC3B-B8E90D892EBA}.Debug|Any CPU.Build.0 = Debug|Any CPU
		{57557D9F-1731-43E1-BC3B-B8E90D892EBA}.Release|Any CPU.ActiveCfg = Release|Any CPU
		{57557D9F-1731-43E1-BC3B-B8E90D892EBA}.Release|Any CPU.Build.0 = Release|Any CPU
	EndGlobalSection
	GlobalSection(SolutionProperties) = preSolution
		HideSolutionNode = FALSE
	EndGlobalSection
	GlobalSection(ExtensibilityGlobals) = postSolution
		SolutionGuid = {17C3037A-1969-4045-987A-781FDCB55532}
	EndGlobalSection
EndGlobal
